
Microsoft Visual Studio Solution File, Format Version 12.00
# Visual Studio Version 16
VisualStudioVersion = 16.0.30104.148
MinimumVisualStudioVersion = 10.0.40219.1
Project("{FAE04EC0-301F-11D3-BF4B-00C04F79EFBC}") = "OpenInVs", "OpenInVs\OpenInVs.csproj", "{81F5ABBE-65C1-4CFC-A409-F27D90597FCA}"
EndProject
Global
	GlobalSection(SolutionConfigurationPlatforms) = preSolution
		Debug|Any CPU = Debug|Any CPU
		Release|Any CPU = Release|Any CPU
	EndGlobalSection
	GlobalSection(ProjectConfigurationPlatforms) = postSolution
		{81F5ABBE-65C1-4CFC-A409-F27D90597FCA}.Debug|Any CPU.ActiveCfg = Debug|Any CPU
		{81F5ABBE-65C1-4CFC-A409-F27D90597FCA}.Debug|Any CPU.Build.0 = Debug|Any CPU
		{81F5ABBE-65C1-4CFC-A409-F27D90597FCA}.Release|Any CPU.ActiveCfg = Release|Any CPU
		{81F5ABBE-65C1-4CFC-A409-F27D90597FCA}.Release|Any CPU.Build.0 = Release|Any CPU
	EndGlobalSection
	GlobalSection(SolutionProperties) = preSolution
		HideSolutionNode = FALSE
	EndGlobalSection
	GlobalSection(ExtensibilityGlobals) = postSolution
		SolutionGuid = {69CD3F98-A127-4C73-926F-CE4156EA073F}
	EndGlobalSection
EndGlobal
